
Microsoft Visual Studio Solution File, Format Version 12.00
# Visual Studio Version 17
VisualStudioVersion = 17.11.35327.3
MinimumVisualStudioVersion = 10.0.40219.1
Project("{FAE04EC0-301F-11D3-BF4B-00C04F79EFBC}") = "Wcf.Server", "Wcf.Server\Wcf.Server.csproj", "{2C16C6F1-CDD3-4405-BF7C-5A9C0F20DE8C}"
EndProject
Project("{FAE04EC0-301F-11D3-BF4B-00C04F79EFBC}") = "Wcf.Client", "Wcf.Client\Wcf.Client.csproj", "{B2E6FC76-BCCE-4021-BC83-11B2701014E9}"
EndProject
Global
	GlobalSection(SolutionConfigurationPlatforms) = preSolution
		Debug|Any CPU = Debug|Any CPU
		Release|Any CPU = Release|Any CPU
	EndGlobalSection
	GlobalSection(ProjectConfigurationPlatforms) = postSolution
		{2C16C6F1-CDD3-4405-BF7C-5A9C0F20DE8C}.Debug|Any CPU.ActiveCfg = Debug|Any CPU
		{2C16C6F1-CDD3-4405-BF7C-5A9C0F20DE8C}.Debug|Any CPU.Build.0 = Debug|Any CPU
		{2C16C6F1-CDD3-4405-BF7C-5A9C0F20DE8C}.Release|Any CPU.ActiveCfg = Release|Any CPU
		{2C16C6F1-CDD3-4405-BF7C-5A9C0F20DE8C}.Release|Any CPU.Build.0 = Release|Any CPU
		{B2E6FC76-BCCE-4021-BC83-11B2701014E9}.Debug|Any CPU.ActiveCfg = Debug|Any CPU
		{B2E6FC76-BCCE-4021-BC83-11B2701014E9}.Debug|Any CPU.Build.0 = Debug|Any CPU
		{B2E6FC76-BCCE-4021-BC83-11B2701014E9}.Release|Any CPU.ActiveCfg = Release|Any CPU
		{B2E6FC76-BCCE-4021-BC83-11B2701014E9}.Release|Any CPU.Build.0 = Release|Any CPU
	EndGlobalSection
	GlobalSection(SolutionProperties) = preSolution
		HideSolutionNode = FALSE
	EndGlobalSection
	GlobalSection(ExtensibilityGlobals) = postSolution
		SolutionGuid = {8FD0C7E9-EB7D-443C-AC60-66A70A7910AB}
	EndGlobalSection
EndGlobal
